{
  "name": "zpromise",
  "version": "1.3.0",
  "lockfileVersion": 1,
  "requires": true,
  "dependencies": {
    "argv-router": {
      "version": "1.2.0",
      "resolved": "https://registry.npmjs.org/argv-router/-/argv-router-1.2.0.tgz",
      "integrity": "sha512-ENIxcRKv+meav0A4mOLvZpn75xnzS+pkA9DTRVIMbNE2OxdRYcBBuk2JWNQ+5CI4dFy5uj57JnMrlXDqcnu9rg==",
      "dev": true
    },
    "jtf": {
      "version": "1.5.0",
      "resolved": "https://registry.npmjs.org/jtf/-/jtf-1.5.0.tgz",
      "integrity": "sha512-H73GRlxmnjxmBEVfOlslvkxIZ26OzSnTnKYsO4Vv9l3bYeO9KIP6wOGuNSwg2mI4R7GOZWYX20b9HjIJ8jOe1w==",
      "dev": true,
      "requires": {
        "argv-router": "^1.2.0",
        "nft": "^1.0.1"
      }
    },
    "nft": {
      "version": "1.0.1",
      "resolved": "https://registry.npmjs.org/nft/-/nft-1.0.1.tgz",
      "integrity": "sha512-KVsiCRRiiThz3hOmyoYa/CAscZPIjEA5jDBDntU7Dwb+Vvd3Ia59beDtEluQHdBvUb6U9B8lZ18vzDirQ0o7fQ==",
      "dev": true
    }
  }
}
