{
  "name": "zpromise",
  "version": "1.2.0",
  "lockfileVersion": 1,
  "requires": true,
  "dependencies": {
    "jtf": {
      "version": "1.1.3",
      "resolved": "https://registry.npmjs.org/jtf/-/jtf-1.1.3.tgz",
      "integrity": "sha512-x5VhQ7yJ3kniM4buNxKEItDACwKovtqv7+DX96rzqdMQgtbzOFmeX/28dkwAn4SX+2HKdnEvV3cc2AUvGluE8g==",
      "dev": true,
      "requires": {
        "nft": "^1.0.1"
      }
    },
    "nft": {
      "version": "1.0.1",
      "resolved": "https://registry.npmjs.org/nft/-/nft-1.0.1.tgz",
      "integrity": "sha512-KVsiCRRiiThz3hOmyoYa/CAscZPIjEA5jDBDntU7Dwb+Vvd3Ia59beDtEluQHdBvUb6U9B8lZ18vzDirQ0o7fQ==",
      "dev": true
    }
  }
}
