{
  "name": "zpromise",
  "version": "1.2.1",
  "lockfileVersion": 1,
  "requires": true,
  "dependencies": {
    "jtf": {
      "version": "1.2.1",
      "resolved": "https://registry.npmjs.org/jtf/-/jtf-1.2.1.tgz",
      "integrity": "sha512-wJH0UTzb45HZ6IZ4ZKV5ip9YnRGuH1GywBJ0b8NAowfE2awvR2HSbFlHafgSxFZE9vUPtCgdf/XQ21TtChwEcg==",
      "dev": true,
      "requires": {
        "nft": "^1.0.1"
      }
    },
    "nft": {
      "version": "1.0.1",
      "resolved": "https://registry.npmjs.org/nft/-/nft-1.0.1.tgz",
      "integrity": "sha512-KVsiCRRiiThz3hOmyoYa/CAscZPIjEA5jDBDntU7Dwb+Vvd3Ia59beDtEluQHdBvUb6U9B8lZ18vzDirQ0o7fQ==",
      "dev": true
    }
  }
}
